
Microsoft Visual Studio Solution File, Format Version 12.00
# Visual Studio Version 16
VisualStudioVersion = 25.0.1706.14
MinimumVisualStudioVersion = 10.0.40219.1
Project("{FAE04EC0-301F-11D3-BF4B-00C04F79EFBC}") = "CalendrierPerpetuel", "CalendrierPerpetuel\CalendrierPerpetuel.csproj", "{1C0203A6-C71C-44B6-9F50-3DEFC088B68B}"
EndProject
Global
	GlobalSection(SolutionConfigurationPlatforms) = preSolution
		Debug|Any CPU = Debug|Any CPU
		Release|Any CPU = Release|Any CPU
	EndGlobalSection
	GlobalSection(ProjectConfigurationPlatforms) = postSolution
		{1C0203A6-C71C-44B6-9F50-3DEFC088B68B}.Debug|Any CPU.ActiveCfg = Debug|Any CPU
		{1C0203A6-C71C-44B6-9F50-3DEFC088B68B}.Debug|Any CPU.Build.0 = Debug|Any CPU
		{1C0203A6-C71C-44B6-9F50-3DEFC088B68B}.Release|Any CPU.ActiveCfg = Release|Any CPU
		{1C0203A6-C71C-44B6-9F50-3DEFC088B68B}.Release|Any CPU.Build.0 = Release|Any CPU
	EndGlobalSection
	GlobalSection(SolutionProperties) = preSolution
		HideSolutionNode = FALSE
	EndGlobalSection
	GlobalSection(ExtensibilityGlobals) = postSolution
		SolutionGuid = {A8C5B9A1-2CAD-421E-B5A9-682E63AFB63A}
	EndGlobalSection
EndGlobal
